
Microsoft Visual Studio Solution File, Format Version 12.00
# Visual Studio Version 17
VisualStudioVersion = 17.2.32630.192
MinimumVisualStudioVersion = 10.0.40219.1
Project("{9A19103F-16F7-4668-BE54-9A1E7A4F7556}") = "QnA", "QnA\QnA.csproj", "{C51C5836-BDF9-4D71-BD45-1C53347136B4}"
EndProject
Project("{9A19103F-16F7-4668-BE54-9A1E7A4F7556}") = "QnA.DbModels", "QnA.DbModels\QnA.DbModels.csproj", "{D3070E3D-AAA2-4A17-A74A-6733DF18D37F}"
EndProject
Project("{9A19103F-16F7-4668-BE54-9A1E7A4F7556}") = "QnA.DAL", "Qna.DAL\QnA.DAL.csproj", "{5306068B-2A73-48C5-9C68-1BBE53104AA8}"
EndProject
Project("{9A19103F-16F7-4668-BE54-9A1E7A4F7556}") = "QnA.BAL", "QnA.BAL\QnA.BAL.csproj", "{4DE95C16-A2A8-4594-9CFC-905612B5D322}"
EndProject
Global
	GlobalSection(SolutionConfigurationPlatforms) = preSolution
		Debug|Any CPU = Debug|Any CPU
		Release|Any CPU = Release|Any CPU
	EndGlobalSection
	GlobalSection(ProjectConfigurationPlatforms) = postSolution
		{C51C5836-BDF9-4D71-BD45-1C53347136B4}.Debug|Any CPU.ActiveCfg = Debug|Any CPU
		{C51C5836-BDF9-4D71-BD45-1C53347136B4}.Debug|Any CPU.Build.0 = Debug|Any CPU
		{C51C5836-BDF9-4D71-BD45-1C53347136B4}.Release|Any CPU.ActiveCfg = Release|Any CPU
		{C51C5836-BDF9-4D71-BD45-1C53347136B4}.Release|Any CPU.Build.0 = Release|Any CPU
		{D3070E3D-AAA2-4A17-A74A-6733DF18D37F}.Debug|Any CPU.ActiveCfg = Debug|Any CPU
		{D3070E3D-AAA2-4A17-A74A-6733DF18D37F}.Debug|Any CPU.Build.0 = Debug|Any CPU
		{D3070E3D-AAA2-4A17-A74A-6733DF18D37F}.Release|Any CPU.ActiveCfg = Release|Any CPU
		{D3070E3D-AAA2-4A17-A74A-6733DF18D37F}.Release|Any CPU.Build.0 = Release|Any CPU
		{5306068B-2A73-48C5-9C68-1BBE53104AA8}.Debug|Any CPU.ActiveCfg = Debug|Any CPU
		{5306068B-2A73-48C5-9C68-1BBE53104AA8}.Debug|Any CPU.Build.0 = Debug|Any CPU
		{5306068B-2A73-48C5-9C68-1BBE53104AA8}.Release|Any CPU.ActiveCfg = Release|Any CPU
		{5306068B-2A73-48C5-9C68-1BBE53104AA8}.Release|Any CPU.Build.0 = Release|Any CPU
		{4DE95C16-A2A8-4594-9CFC-905612B5D322}.Debug|Any CPU.ActiveCfg = Debug|Any CPU
		{4DE95C16-A2A8-4594-9CFC-905612B5D322}.Debug|Any CPU.Build.0 = Debug|Any CPU
		{4DE95C16-A2A8-4594-9CFC-905612B5D322}.Release|Any CPU.ActiveCfg = Release|Any CPU
		{4DE95C16-A2A8-4594-9CFC-905612B5D322}.Release|Any CPU.Build.0 = Release|Any CPU
	EndGlobalSection
	GlobalSection(SolutionProperties) = preSolution
		HideSolutionNode = FALSE
	EndGlobalSection
	GlobalSection(ExtensibilityGlobals) = postSolution
		SolutionGuid = {2C6FF3E7-1579-4542-95BA-3EDC5CDBA24D}
	EndGlobalSection
EndGlobal
